// !$*UTF8*$!
{
	archiveVersion = 1;
	classes = {
	};
	objectVersion = 54;
	objects = {

/* Begin PBXBuildFile section */
		00E356F31AD99517003FC87E /* HuginTests.m in Sources */ = {isa = PBXBuildFile; fileRef = 00E356F21AD99517003FC87E /* HuginTests.m */; };
		048848C92DC04058B4C0BC9F /* Roboto-Thin.ttf in Resources */ = {isa = PBXBuildFile; fileRef = 59B3497C32624D07AADA8ECF /* Roboto-Thin.ttf */; };
		0C80B921A6F3F58F76C31292 /* libPods-Hugin.a in Frameworks */ = {isa = PBXBuildFile; fileRef = 5DCACB8F33CDC322A6C60F78 /* libPods-Hugin.a */; };
		0DD5CC6A0491A8CCACEF3D94 /* ExpoModulesProvider.swift in Sources */ = {isa = PBXBuildFile; fileRef = F42CD377E0382FCCDD8BFE33 /* ExpoModulesProvider.swift */; };
		13B07FBC1A68108700A75B9A /* AppDelegate.mm in Sources */ = {isa = PBXBuildFile; fileRef = 13B07FB01A68108700A75B9A /* AppDelegate.mm */; };
		13B07FBF1A68108700A75B9A /* Images.xcassets in Resources */ = {isa = PBXBuildFile; fileRef = 13B07FB51A68108700A75B9A /* Images.xcassets */; };
		13B07FC11A68108700A75B9A /* main.m in Sources */ = {isa = PBXBuildFile; fileRef = 13B07FB71A68108700A75B9A /* main.m */; };
		16FF29976C6B4CB9A611316D /* Montserrat-ExtraLight.ttf in Resources */ = {isa = PBXBuildFile; fileRef = CB1CFF59AEC54F5DB494AA09 /* Montserrat-ExtraLight.ttf */; };
		30F4E9A0E3F24269803CFA03 /* Montserrat-Light.ttf in Resources */ = {isa = PBXBuildFile; fileRef = 0035EC09969A4AAF90E67356 /* Montserrat-Light.ttf */; };
		3EF5CB902C14E0190071ADEE /* Zocial.ttf in Resources */ = {isa = PBXBuildFile; fileRef = 3EF5CB7D2C14E0180071ADEE /* Zocial.ttf */; };
		3EF5CB912C14E0190071ADEE /* EvilIcons.ttf in Resources */ = {isa = PBXBuildFile; fileRef = 3EF5CB7E2C14E0180071ADEE /* EvilIcons.ttf */; };
		3EF5CB922C14E0190071ADEE /* FontAwesome.ttf in Resources */ = {isa = PBXBuildFile; fileRef = 3EF5CB7F2C14E0180071ADEE /* FontAwesome.ttf */; };
		3EF5CB932C14E0190071ADEE /* Feather.ttf in Resources */ = {isa = PBXBuildFile; fileRef = 3EF5CB802C14E0180071ADEE /* Feather.ttf */; };
		3EF5CB942C14E0190071ADEE /* Entypo.ttf in Resources */ = {isa = PBXBuildFile; fileRef = 3EF5CB812C14E0180071ADEE /* Entypo.ttf */; };
		3EF5CB952C14E0190071ADEE /* FontAwesome5_Brands.ttf in Resources */ = {isa = PBXBuildFile; fileRef = 3EF5CB822C14E0180071ADEE /* FontAwesome5_Brands.ttf */; };
		3EF5CB962C14E0190071ADEE /* FontAwesome6_Solid.ttf in Resources */ = {isa = PBXBuildFile; fileRef = 3EF5CB832C14E0180071ADEE /* FontAwesome6_Solid.ttf */; };
		3EF5CB972C14E0190071ADEE /* Foundation.ttf in Resources */ = {isa = PBXBuildFile; fileRef = 3EF5CB842C14E0180071ADEE /* Foundation.ttf */; };
		3EF5CB982C14E0190071ADEE /* MaterialIcons.ttf in Resources */ = {isa = PBXBuildFile; fileRef = 3EF5CB852C14E0180071ADEE /* MaterialIcons.ttf */; };
		3EF5CB992C14E0190071ADEE /* FontAwesome5_Solid.ttf in Resources */ = {isa = PBXBuildFile; fileRef = 3EF5CB862C14E0180071ADEE /* FontAwesome5_Solid.ttf */; };
		3EF5CB9A2C14E0190071ADEE /* SimpleLineIcons.ttf in Resources */ = {isa = PBXBuildFile; fileRef = 3EF5CB872C14E0180071ADEE /* SimpleLineIcons.ttf */; };
		3EF5CB9B2C14E0190071ADEE /* AntDesign.ttf in Resources */ = {isa = PBXBuildFile; fileRef = 3EF5CB882C14E0180071ADEE /* AntDesign.ttf */; };
		3EF5CB9C2C14E0190071ADEE /* FontAwesome5_Regular.ttf in Resources */ = {isa = PBXBuildFile; fileRef = 3EF5CB892C14E0180071ADEE /* FontAwesome5_Regular.ttf */; };
		3EF5CB9D2C14E0190071ADEE /* FontAwesome6_Brands.ttf in Resources */ = {isa = PBXBuildFile; fileRef = 3EF5CB8A2C14E0180071ADEE /* FontAwesome6_Brands.ttf */; };
		3EF5CB9E2C14E0190071ADEE /* FontAwesome6_Regular.ttf in Resources */ = {isa = PBXBuildFile; fileRef = 3EF5CB8B2C14E0180071ADEE /* FontAwesome6_Regular.ttf */; };
		3EF5CB9F2C14E0190071ADEE /* MaterialCommunityIcons.ttf in Resources */ = {isa = PBXBuildFile; fileRef = 3EF5CB8C2C14E0180071ADEE /* MaterialCommunityIcons.ttf */; };
		3EF5CBA02C14E0190071ADEE /* Ionicons.ttf in Resources */ = {isa = PBXBuildFile; fileRef = 3EF5CB8D2C14E0190071ADEE /* Ionicons.ttf */; };
		3EF5CBA12C14E0190071ADEE /* Octicons.ttf in Resources */ = {isa = PBXBuildFile; fileRef = 3EF5CB8E2C14E0190071ADEE /* Octicons.ttf */; };
		3EF5CBA22C14E0190071ADEE /* Fontisto.ttf in Resources */ = {isa = PBXBuildFile; fileRef = 3EF5CB8F2C14E0190071ADEE /* Fontisto.ttf */; };
		4A4F49FA2D382A7F00A4199A /* TurtleCoinModule.mm in Sources */ = {isa = PBXBuildFile; fileRef = 4A4F49F92D382A7F00A4199A /* TurtleCoinModule.mm */; settings = {COMPILER_FLAGS = "-stdlib=libc++ -std=c++17"; }; };
		4A4F49FB2D382A7F00A4199A /* TurtleCoinModule.h in CopyFiles */ = {isa = PBXBuildFile; fileRef = 4A4F49F82D382A7F00A4199A /* TurtleCoinModule.h */; };
		4A4F49FF2D382B8500A4199A /* libTurtleCoinModule.a in Frameworks */ = {isa = PBXBuildFile; fileRef = 4A4F49F62D382A7E00A4199A /* libTurtleCoinModule.a */; };
		4F96809E00304521A1D16DE3 /* Montserrat-Thin.ttf in Resources */ = {isa = PBXBuildFile; fileRef = B9BEF04A67474451B1AA7544 /* Montserrat-Thin.ttf */; };
		6311024F685D47DAB572A5CE /* Roboto-Regular.ttf in Resources */ = {isa = PBXBuildFile; fileRef = 55E26584F1ED499A886E78F6 /* Roboto-Regular.ttf */; };
		7383CDBC103742BC8AD01099 /* Montserrat-Bold.ttf in Resources */ = {isa = PBXBuildFile; fileRef = 82BE6AF21DF54D9D8A7FAC19 /* Montserrat-Bold.ttf */; };
		7699B88040F8A987B510C191 /* libPods-Hugin-HuginTests.a in Frameworks */ = {isa = PBXBuildFile; fileRef = 19F6CBCC0A4E27FBF8BF4A61 /* libPods-Hugin-HuginTests.a */; };
		7DDDDA75A50843E6B5E7B985 /* Roboto-Bold.ttf in Resources */ = {isa = PBXBuildFile; fileRef = 6F9E2389FCA34C289A4FB948 /* Roboto-Bold.ttf */; };
		81AB9BB82411601600AC10FF /* LaunchScreen.storyboard in Resources */ = {isa = PBXBuildFile; fileRef = 81AB9BB72411601600AC10FF /* LaunchScreen.storyboard */; };
		92475B7FDE014E53ADC3331C /* Montserrat-Black.ttf in Resources */ = {isa = PBXBuildFile; fileRef = 10C5D7DC10564D57A4A87852 /* Montserrat-Black.ttf */; };
		A245146D8B784A5591B684A6 /* Montserrat-SemiBold.ttf in Resources */ = {isa = PBXBuildFile; fileRef = AAE2D995CA5B4E8388F7D92F /* Montserrat-SemiBold.ttf */; };
		A5A5CEB5398443F8ABF9A9A2 /* Roboto-Light.ttf in Resources */ = {isa = PBXBuildFile; fileRef = 450882FFA2D04E1AA2E203BB /* Roboto-Light.ttf */; };
		B726ABAC8CAB46B0A763F228 /* Roboto-Medium.ttf in Resources */ = {isa = PBXBuildFile; fileRef = 9F5F91AD38E84A0EBFE857A9 /* Roboto-Medium.ttf */; };
		BC0B4EB7C40C4BFC911DFBE0 /* Roboto-Black.ttf in Resources */ = {isa = PBXBuildFile; fileRef = 53763BC343EC400F9F28EF9D /* Roboto-Black.ttf */; };
		D897F47961BE4A199F51508E /* Montserrat-Regular.ttf in Resources */ = {isa = PBXBuildFile; fileRef = 76C26A35419D449692F6E7FF /* Montserrat-Regular.ttf */; };
		D91053670CB58E93792F1E04 /* PrivacyInfo.xcprivacy in Resources */ = {isa = PBXBuildFile; fileRef = 7F5739FC563C3876DA7636CE /* PrivacyInfo.xcprivacy */; };
		F0E5E89DC5144A8EB75BD2D8 /* Montserrat-Medium.ttf in Resources */ = {isa = PBXBuildFile; fileRef = 3221EC289913409996978DB8 /* Montserrat-Medium.ttf */; };
		F8483FF02B0DB79D9654AF40 /* ExpoModulesProvider.swift in Sources */ = {isa = PBXBuildFile; fileRef = 192E85579D0034C1FD814325 /* ExpoModulesProvider.swift */; };
		FBFEDE2D0B28489A80C30051 /* Montserrat-ExtraBold.ttf in Resources */ = {isa = PBXBuildFile; fileRef = 2C753714BB2B4A4D95028B7A /* Montserrat-ExtraBold.ttf */; };
/* End PBXBuildFile section */

/* Begin PBXContainerItemProxy section */
		00E356F41AD99517003FC87E /* PBXContainerItemProxy */ = {
			isa = PBXContainerItemProxy;
			containerPortal = 83CBB9F71A601CBA00E9B192 /* Project object */;
			proxyType = 1;
			remoteGlobalIDString = 13B07F861A680F5B00A75B9A;
			remoteInfo = Hugin;
		};
		4A4F4A002D382B8500A4199A /* PBXContainerItemProxy */ = {
			isa = PBXContainerItemProxy;
			containerPortal = 83CBB9F71A601CBA00E9B192 /* Project object */;
			proxyType = 1;
			remoteGlobalIDString = 4A4F49F52D382A7E00A4199A;
			remoteInfo = TurtleCoinModule;
		};
/* End PBXContainerItemProxy section */

/* Begin PBXCopyFilesBuildPhase section */
		4A4F49F42D382A7E00A4199A /* CopyFiles */ = {
			isa = PBXCopyFilesBuildPhase;
			buildActionMask = 2147483647;
			dstPath = "include/$(PRODUCT_NAME)";
			dstSubfolderSpec = 16;
			files = (
				4A4F49FB2D382A7F00A4199A /* TurtleCoinModule.h in CopyFiles */,
			);
			runOnlyForDeploymentPostprocessing = 0;
		};
/* End PBXCopyFilesBuildPhase section */

/* Begin PBXFileReference section */
		0035EC09969A4AAF90E67356 /* Montserrat-Light.ttf */ = {isa = PBXFileReference; explicitFileType = undefined; fileEncoding = 9; includeInIndex = 0; lastKnownFileType = unknown; name = "Montserrat-Light.ttf"; path = "../src/assets/fonts/Montserrat-Light.ttf"; sourceTree = "<group>"; };
		00E356EE1AD99517003FC87E /* HuginTests.xctest */ = {isa = PBXFileReference; explicitFileType = wrapper.cfbundle; includeInIndex = 0; path = HuginTests.xctest; sourceTree = BUILT_PRODUCTS_DIR; };
		00E356F11AD99517003FC87E /* Info.plist */ = {isa = PBXFileReference; lastKnownFileType = text.plist.xml; path = Info.plist; sourceTree = "<group>"; };
		00E356F21AD99517003FC87E /* HuginTests.m */ = {isa = PBXFileReference; lastKnownFileType = sourcecode.c.objc; path = HuginTests.m; sourceTree = "<group>"; };
		10C5D7DC10564D57A4A87852 /* Montserrat-Black.ttf */ = {isa = PBXFileReference; explicitFileType = undefined; fileEncoding = 9; includeInIndex = 0; lastKnownFileType = unknown; name = "Montserrat-Black.ttf"; path = "../src/assets/fonts/Montserrat-Black.ttf"; sourceTree = "<group>"; };
		13B07F961A680F5B00A75B9A /* Hugin.app */ = {isa = PBXFileReference; explicitFileType = wrapper.application; includeInIndex = 0; path = Hugin.app; sourceTree = BUILT_PRODUCTS_DIR; };
		13B07FAF1A68108700A75B9A /* AppDelegate.h */ = {isa = PBXFileReference; fileEncoding = 4; lastKnownFileType = sourcecode.c.h; name = AppDelegate.h; path = Hugin/AppDelegate.h; sourceTree = "<group>"; };
		13B07FB01A68108700A75B9A /* AppDelegate.mm */ = {isa = PBXFileReference; fileEncoding = 4; lastKnownFileType = sourcecode.cpp.objcpp; name = AppDelegate.mm; path = Hugin/AppDelegate.mm; sourceTree = "<group>"; };
		13B07FB51A68108700A75B9A /* Images.xcassets */ = {isa = PBXFileReference; lastKnownFileType = folder.assetcatalog; name = Images.xcassets; path = Hugin/Images.xcassets; sourceTree = "<group>"; };
		13B07FB61A68108700A75B9A /* Info.plist */ = {isa = PBXFileReference; fileEncoding = 4; lastKnownFileType = text.plist.xml; name = Info.plist; path = Hugin/Info.plist; sourceTree = "<group>"; };
		13B07FB71A68108700A75B9A /* main.m */ = {isa = PBXFileReference; fileEncoding = 4; lastKnownFileType = sourcecode.c.objc; name = main.m; path = Hugin/main.m; sourceTree = "<group>"; };
		13B07FB81A68108700A75B9A /* PrivacyInfo.xcprivacy */ = {isa = PBXFileReference; fileEncoding = 4; lastKnownFileType = text.plist.xml; name = PrivacyInfo.xcprivacy; path = Hugin/PrivacyInfo.xcprivacy; sourceTree = "<group>"; };
		192E85579D0034C1FD814325 /* ExpoModulesProvider.swift */ = {isa = PBXFileReference; includeInIndex = 1; lastKnownFileType = sourcecode.swift; name = ExpoModulesProvider.swift; path = "Pods/Target Support Files/Pods-Hugin-HuginTests/ExpoModulesProvider.swift"; sourceTree = "<group>"; };
		19F6CBCC0A4E27FBF8BF4A61 /* libPods-Hugin-HuginTests.a */ = {isa = PBXFileReference; explicitFileType = archive.ar; includeInIndex = 0; path = "libPods-Hugin-HuginTests.a"; sourceTree = BUILT_PRODUCTS_DIR; };
		2C753714BB2B4A4D95028B7A /* Montserrat-ExtraBold.ttf */ = {isa = PBXFileReference; explicitFileType = undefined; fileEncoding = 9; includeInIndex = 0; lastKnownFileType = unknown; name = "Montserrat-ExtraBold.ttf"; path = "../src/assets/fonts/Montserrat-ExtraBold.ttf"; sourceTree = "<group>"; };
		3221EC289913409996978DB8 /* Montserrat-Medium.ttf */ = {isa = PBXFileReference; explicitFileType = undefined; fileEncoding = 9; includeInIndex = 0; lastKnownFileType = unknown; name = "Montserrat-Medium.ttf"; path = "../src/assets/fonts/Montserrat-Medium.ttf"; sourceTree = "<group>"; };
		3B4392A12AC88292D35C810B /* Pods-Hugin.debug.xcconfig */ = {isa = PBXFileReference; includeInIndex = 1; lastKnownFileType = text.xcconfig; name = "Pods-Hugin.debug.xcconfig"; path = "Target Support Files/Pods-Hugin/Pods-Hugin.debug.xcconfig"; sourceTree = "<group>"; };
		3E1ADCAD2C19FDAC0019D938 /* Montserrat-SemiBold.ttf */ = {isa = PBXFileReference; lastKnownFileType = file; path = "Montserrat-SemiBold.ttf"; sourceTree = "<group>"; };
		3E1ADCAF2C19FDB30019D938 /* Montserrat-Bold.ttf */ = {isa = PBXFileReference; lastKnownFileType = file; path = "Montserrat-Bold.ttf"; sourceTree = "<group>"; };
		3EF5CB7D2C14E0180071ADEE /* Zocial.ttf */ = {isa = PBXFileReference; lastKnownFileType = file; name = Zocial.ttf; path = "../node_modules/react-native-vector-icons/Fonts/Zocial.ttf"; sourceTree = "<group>"; };
		3EF5CB7E2C14E0180071ADEE /* EvilIcons.ttf */ = {isa = PBXFileReference; lastKnownFileType = file; name = EvilIcons.ttf; path = "../node_modules/react-native-vector-icons/Fonts/EvilIcons.ttf"; sourceTree = "<group>"; };
		3EF5CB7F2C14E0180071ADEE /* FontAwesome.ttf */ = {isa = PBXFileReference; lastKnownFileType = file; name = FontAwesome.ttf; path = "../node_modules/react-native-vector-icons/Fonts/FontAwesome.ttf"; sourceTree = "<group>"; };
		3EF5CB802C14E0180071ADEE /* Feather.ttf */ = {isa = PBXFileReference; lastKnownFileType = file; name = Feather.ttf; path = "../node_modules/react-native-vector-icons/Fonts/Feather.ttf"; sourceTree = "<group>"; };
		3EF5CB812C14E0180071ADEE /* Entypo.ttf */ = {isa = PBXFileReference; lastKnownFileType = file; name = Entypo.ttf; path = "../node_modules/react-native-vector-icons/Fonts/Entypo.ttf"; sourceTree = "<group>"; };
		3EF5CB822C14E0180071ADEE /* FontAwesome5_Brands.ttf */ = {isa = PBXFileReference; lastKnownFileType = file; name = FontAwesome5_Brands.ttf; path = "../node_modules/react-native-vector-icons/Fonts/FontAwesome5_Brands.ttf"; sourceTree = "<group>"; };
		3EF5CB832C14E0180071ADEE /* FontAwesome6_Solid.ttf */ = {isa = PBXFileReference; lastKnownFileType = file; name = FontAwesome6_Solid.ttf; path = "../node_modules/react-native-vector-icons/Fonts/FontAwesome6_Solid.ttf"; sourceTree = "<group>"; };
		3EF5CB842C14E0180071ADEE /* Foundation.ttf */ = {isa = PBXFileReference; lastKnownFileType = file; name = Foundation.ttf; path = "../node_modules/react-native-vector-icons/Fonts/Foundation.ttf"; sourceTree = "<group>"; };
		3EF5CB852C14E0180071ADEE /* MaterialIcons.ttf */ = {isa = PBXFileReference; lastKnownFileType = file; name = MaterialIcons.ttf; path = "../node_modules/react-native-vector-icons/Fonts/MaterialIcons.ttf"; sourceTree = "<group>"; };
		3EF5CB862C14E0180071ADEE /* FontAwesome5_Solid.ttf */ = {isa = PBXFileReference; lastKnownFileType = file; name = FontAwesome5_Solid.ttf; path = "../node_modules/react-native-vector-icons/Fonts/FontAwesome5_Solid.ttf"; sourceTree = "<group>"; };
		3EF5CB872C14E0180071ADEE /* SimpleLineIcons.ttf */ = {isa = PBXFileReference; lastKnownFileType = file; name = SimpleLineIcons.ttf; path = "../node_modules/react-native-vector-icons/Fonts/SimpleLineIcons.ttf"; sourceTree = "<group>"; };
		3EF5CB882C14E0180071ADEE /* AntDesign.ttf */ = {isa = PBXFileReference; lastKnownFileType = file; name = AntDesign.ttf; path = "../node_modules/react-native-vector-icons/Fonts/AntDesign.ttf"; sourceTree = "<group>"; };
		3EF5CB892C14E0180071ADEE /* FontAwesome5_Regular.ttf */ = {isa = PBXFileReference; lastKnownFileType = file; name = FontAwesome5_Regular.ttf; path = "../node_modules/react-native-vector-icons/Fonts/FontAwesome5_Regular.ttf"; sourceTree = "<group>"; };
		3EF5CB8A2C14E0180071ADEE /* FontAwesome6_Brands.ttf */ = {isa = PBXFileReference; lastKnownFileType = file; name = FontAwesome6_Brands.ttf; path = "../node_modules/react-native-vector-icons/Fonts/FontAwesome6_Brands.ttf"; sourceTree = "<group>"; };
		3EF5CB8B2C14E0180071ADEE /* FontAwesome6_Regular.ttf */ = {isa = PBXFileReference; lastKnownFileType = file; name = FontAwesome6_Regular.ttf; path = "../node_modules/react-native-vector-icons/Fonts/FontAwesome6_Regular.ttf"; sourceTree = "<group>"; };
		3EF5CB8C2C14E0180071ADEE /* MaterialCommunityIcons.ttf */ = {isa = PBXFileReference; lastKnownFileType = file; name = MaterialCommunityIcons.ttf; path = "../node_modules/react-native-vector-icons/Fonts/MaterialCommunityIcons.ttf"; sourceTree = "<group>"; };
		3EF5CB8D2C14E0190071ADEE /* Ionicons.ttf */ = {isa = PBXFileReference; lastKnownFileType = file; name = Ionicons.ttf; path = "../node_modules/react-native-vector-icons/Fonts/Ionicons.ttf"; sourceTree = "<group>"; };
		3EF5CB8E2C14E0190071ADEE /* Octicons.ttf */ = {isa = PBXFileReference; lastKnownFileType = file; name = Octicons.ttf; path = "../node_modules/react-native-vector-icons/Fonts/Octicons.ttf"; sourceTree = "<group>"; };
		3EF5CB8F2C14E0190071ADEE /* Fontisto.ttf */ = {isa = PBXFileReference; lastKnownFileType = file; name = Fontisto.ttf; path = "../node_modules/react-native-vector-icons/Fonts/Fontisto.ttf"; sourceTree = "<group>"; };
		450882FFA2D04E1AA2E203BB /* Roboto-Light.ttf */ = {isa = PBXFileReference; explicitFileType = undefined; fileEncoding = 9; includeInIndex = 0; lastKnownFileType = unknown; name = "Roboto-Light.ttf"; path = "../src/assets/fonts/Roboto-Light.ttf"; sourceTree = "<group>"; };
		4A4F49F62D382A7E00A4199A /* libTurtleCoinModule.a */ = {isa = PBXFileReference; explicitFileType = archive.ar; includeInIndex = 0; path = libTurtleCoinModule.a; sourceTree = BUILT_PRODUCTS_DIR; };
		4A4F49F82D382A7F00A4199A /* TurtleCoinModule.h */ = {isa = PBXFileReference; lastKnownFileType = sourcecode.c.h; path = TurtleCoinModule.h; sourceTree = "<group>"; };
		4A4F49F92D382A7F00A4199A /* TurtleCoinModule.mm */ = {isa = PBXFileReference; lastKnownFileType = sourcecode.cpp.objcpp; path = TurtleCoinModule.mm; sourceTree = "<group>"; };
		4A994DC32D3840FD00193B37 /* UIKit.framework */ = {isa = PBXFileReference; lastKnownFileType = wrapper.framework; name = UIKit.framework; path = System/Library/Frameworks/UIKit.framework; sourceTree = SDKROOT; };
		4A994DC52D38410700193B37 /* CoreGraphics.framework */ = {isa = PBXFileReference; lastKnownFileType = wrapper.framework; name = CoreGraphics.framework; path = System/Library/Frameworks/CoreGraphics.framework; sourceTree = SDKROOT; };
		4A994DC72D38410F00193B37 /* Foundation.framework */ = {isa = PBXFileReference; lastKnownFileType = wrapper.framework; name = Foundation.framework; path = System/Library/Frameworks/Foundation.framework; sourceTree = SDKROOT; };
		4A994DC92D38411500193B37 /* QuartzCore.framework */ = {isa = PBXFileReference; lastKnownFileType = wrapper.framework; name = QuartzCore.framework; path = System/Library/Frameworks/QuartzCore.framework; sourceTree = SDKROOT; };
		4A994DCB2D38411C00193B37 /* CoreVideo.framework */ = {isa = PBXFileReference; lastKnownFileType = wrapper.framework; name = CoreVideo.framework; path = System/Library/Frameworks/CoreVideo.framework; sourceTree = SDKROOT; };
		4A994DCD2D38414900193B37 /* CoreGraphics.framework */ = {isa = PBXFileReference; lastKnownFileType = wrapper.framework; name = CoreGraphics.framework; path = Platforms/MacOSX.platform/Developer/SDKs/MacOSX14.5.sdk/System/Library/Frameworks/CoreGraphics.framework; sourceTree = DEVELOPER_DIR; };
		4A994DD12D384B3E00193B37 /* libc++.tbd */ = {isa = PBXFileReference; lastKnownFileType = "sourcecode.text-based-dylib-definition"; name = "libc++.tbd"; path = "usr/lib/libc++.tbd"; sourceTree = SDKROOT; };
		4A994DD32D384B6D00193B37 /* libc++.tbd */ = {isa = PBXFileReference; lastKnownFileType = "sourcecode.text-based-dylib-definition"; name = "libc++.tbd"; path = "Platforms/MacOSX.platform/Developer/SDKs/MacOSX14.5.sdk/usr/lib/libc++.tbd"; sourceTree = DEVELOPER_DIR; };
		53763BC343EC400F9F28EF9D /* Roboto-Black.ttf */ = {isa = PBXFileReference; explicitFileType = undefined; fileEncoding = 9; includeInIndex = 0; lastKnownFileType = unknown; name = "Roboto-Black.ttf"; path = "../src/assets/fonts/Roboto-Black.ttf"; sourceTree = "<group>"; };
		55E26584F1ED499A886E78F6 /* Roboto-Regular.ttf */ = {isa = PBXFileReference; explicitFileType = undefined; fileEncoding = 9; includeInIndex = 0; lastKnownFileType = unknown; name = "Roboto-Regular.ttf"; path = "../src/assets/fonts/Roboto-Regular.ttf"; sourceTree = "<group>"; };
		5709B34CF0A7D63546082F79 /* Pods-Hugin.release.xcconfig */ = {isa = PBXFileReference; includeInIndex = 1; lastKnownFileType = text.xcconfig; name = "Pods-Hugin.release.xcconfig"; path = "Target Support Files/Pods-Hugin/Pods-Hugin.release.xcconfig"; sourceTree = "<group>"; };
		59B3497C32624D07AADA8ECF /* Roboto-Thin.ttf */ = {isa = PBXFileReference; explicitFileType = undefined; fileEncoding = 9; includeInIndex = 0; lastKnownFileType = unknown; name = "Roboto-Thin.ttf"; path = "../src/assets/fonts/Roboto-Thin.ttf"; sourceTree = "<group>"; };
		5B7EB9410499542E8C5724F5 /* Pods-Hugin-HuginTests.debug.xcconfig */ = {isa = PBXFileReference; includeInIndex = 1; lastKnownFileType = text.xcconfig; name = "Pods-Hugin-HuginTests.debug.xcconfig"; path = "Target Support Files/Pods-Hugin-HuginTests/Pods-Hugin-HuginTests.debug.xcconfig"; sourceTree = "<group>"; };
		5DCACB8F33CDC322A6C60F78 /* libPods-Hugin.a */ = {isa = PBXFileReference; explicitFileType = archive.ar; includeInIndex = 0; path = "libPods-Hugin.a"; sourceTree = BUILT_PRODUCTS_DIR; };
		6F9E2389FCA34C289A4FB948 /* Roboto-Bold.ttf */ = {isa = PBXFileReference; explicitFileType = undefined; fileEncoding = 9; includeInIndex = 0; lastKnownFileType = unknown; name = "Roboto-Bold.ttf"; path = "../src/assets/fonts/Roboto-Bold.ttf"; sourceTree = "<group>"; };
		76C26A35419D449692F6E7FF /* Montserrat-Regular.ttf */ = {isa = PBXFileReference; explicitFileType = undefined; fileEncoding = 9; includeInIndex = 0; lastKnownFileType = unknown; name = "Montserrat-Regular.ttf"; path = "../src/assets/fonts/Montserrat-Regular.ttf"; sourceTree = "<group>"; };
		7F5739FC563C3876DA7636CE /* PrivacyInfo.xcprivacy */ = {isa = PBXFileReference; includeInIndex = 1; lastKnownFileType = text.xml; name = PrivacyInfo.xcprivacy; path = Hugin/PrivacyInfo.xcprivacy; sourceTree = "<group>"; };
		81AB9BB72411601600AC10FF /* LaunchScreen.storyboard */ = {isa = PBXFileReference; fileEncoding = 4; lastKnownFileType = file.storyboard; name = LaunchScreen.storyboard; path = Hugin/LaunchScreen.storyboard; sourceTree = "<group>"; };
		82BE6AF21DF54D9D8A7FAC19 /* Montserrat-Bold.ttf */ = {isa = PBXFileReference; explicitFileType = undefined; fileEncoding = 9; includeInIndex = 0; lastKnownFileType = unknown; name = "Montserrat-Bold.ttf"; path = "../src/assets/fonts/Montserrat-Bold.ttf"; sourceTree = "<group>"; };
		89C6BE57DB24E9ADA2F236DE /* Pods-Hugin-HuginTests.release.xcconfig */ = {isa = PBXFileReference; includeInIndex = 1; lastKnownFileType = text.xcconfig; name = "Pods-Hugin-HuginTests.release.xcconfig"; path = "Target Support Files/Pods-Hugin-HuginTests/Pods-Hugin-HuginTests.release.xcconfig"; sourceTree = "<group>"; };
		9F5F91AD38E84A0EBFE857A9 /* Roboto-Medium.ttf */ = {isa = PBXFileReference; explicitFileType = undefined; fileEncoding = 9; includeInIndex = 0; lastKnownFileType = unknown; name = "Roboto-Medium.ttf"; path = "../src/assets/fonts/Roboto-Medium.ttf"; sourceTree = "<group>"; };
		AAE2D995CA5B4E8388F7D92F /* Montserrat-SemiBold.ttf */ = {isa = PBXFileReference; explicitFileType = undefined; fileEncoding = 9; includeInIndex = 0; lastKnownFileType = unknown; name = "Montserrat-SemiBold.ttf"; path = "../src/assets/fonts/Montserrat-SemiBold.ttf"; sourceTree = "<group>"; };
		B9BEF04A67474451B1AA7544 /* Montserrat-Thin.ttf */ = {isa = PBXFileReference; explicitFileType = undefined; fileEncoding = 9; includeInIndex = 0; lastKnownFileType = unknown; name = "Montserrat-Thin.ttf"; path = "../src/assets/fonts/Montserrat-Thin.ttf"; sourceTree = "<group>"; };
		CB1CFF59AEC54F5DB494AA09 /* Montserrat-ExtraLight.ttf */ = {isa = PBXFileReference; explicitFileType = undefined; fileEncoding = 9; includeInIndex = 0; lastKnownFileType = unknown; name = "Montserrat-ExtraLight.ttf"; path = "../src/assets/fonts/Montserrat-ExtraLight.ttf"; sourceTree = "<group>"; };
		ED297162215061F000B7C4FE /* JavaScriptCore.framework */ = {isa = PBXFileReference; lastKnownFileType = wrapper.framework; name = JavaScriptCore.framework; path = System/Library/Frameworks/JavaScriptCore.framework; sourceTree = SDKROOT; };
		F42CD377E0382FCCDD8BFE33 /* ExpoModulesProvider.swift */ = {isa = PBXFileReference; includeInIndex = 1; lastKnownFileType = sourcecode.swift; name = ExpoModulesProvider.swift; path = "Pods/Target Support Files/Pods-Hugin/ExpoModulesProvider.swift"; sourceTree = "<group>"; };
/* End PBXFileReference section */

/* Begin PBXFrameworksBuildPhase section */
		00E356EB1AD99517003FC87E /* Frameworks */ = {
			isa = PBXFrameworksBuildPhase;
			buildActionMask = 2147483647;
			files = (
				7699B88040F8A987B510C191 /* libPods-Hugin-HuginTests.a in Frameworks */,
			);
			runOnlyForDeploymentPostprocessing = 0;
		};
		13B07F8C1A680F5B00A75B9A /* Frameworks */ = {
			isa = PBXFrameworksBuildPhase;
			buildActionMask = 2147483647;
			files = (
				4A4F49FF2D382B8500A4199A /* libTurtleCoinModule.a in Frameworks */,
				0C80B921A6F3F58F76C31292 /* libPods-Hugin.a in Frameworks */,
			);
			runOnlyForDeploymentPostprocessing = 0;
		};
		4A4F49F32D382A7E00A4199A /* Frameworks */ = {
			isa = PBXFrameworksBuildPhase;
			buildActionMask = 2147483647;
			files = (
			);
			runOnlyForDeploymentPostprocessing = 0;
		};
/* End PBXFrameworksBuildPhase section */

/* Begin PBXGroup section */
		00E356EF1AD99517003FC87E /* HuginTests */ = {
			isa = PBXGroup;
			children = (
				00E356F21AD99517003FC87E /* HuginTests.m */,
				00E356F01AD99517003FC87E /* Supporting Files */,
			);
			path = HuginTests;
			sourceTree = "<group>";
		};
		00E356F01AD99517003FC87E /* Supporting Files */ = {
			isa = PBXGroup;
			children = (
				00E356F11AD99517003FC87E /* Info.plist */,
			);
			name = "Supporting Files";
			sourceTree = "<group>";
		};
		13B07FAE1A68108700A75B9A /* Hugin */ = {
			isa = PBXGroup;
			children = (
				13B07FAF1A68108700A75B9A /* AppDelegate.h */,
				13B07FB01A68108700A75B9A /* AppDelegate.mm */,
				13B07FB51A68108700A75B9A /* Images.xcassets */,
				13B07FB61A68108700A75B9A /* Info.plist */,
				81AB9BB72411601600AC10FF /* LaunchScreen.storyboard */,
				13B07FB71A68108700A75B9A /* main.m */,
				13B07FB81A68108700A75B9A /* PrivacyInfo.xcprivacy */,
				7F5739FC563C3876DA7636CE /* PrivacyInfo.xcprivacy */,
			);
			name = Hugin;
			sourceTree = "<group>";
		};
		2D16E6871FA4F8E400B85C8A /* Frameworks */ = {
			isa = PBXGroup;
			children = (
				4A994DD12D384B3E00193B37 /* libc++.tbd */,
				4A994DD32D384B6D00193B37 /* libc++.tbd */,
				4A994DCD2D38414900193B37 /* CoreGraphics.framework */,
				4A994DCB2D38411C00193B37 /* CoreVideo.framework */,
				4A994DC92D38411500193B37 /* QuartzCore.framework */,
				4A994DC72D38410F00193B37 /* Foundation.framework */,
				4A994DC52D38410700193B37 /* CoreGraphics.framework */,
				4A994DC32D3840FD00193B37 /* UIKit.framework */,
				ED297162215061F000B7C4FE /* JavaScriptCore.framework */,
				5DCACB8F33CDC322A6C60F78 /* libPods-Hugin.a */,
				19F6CBCC0A4E27FBF8BF4A61 /* libPods-Hugin-HuginTests.a */,
			);
			name = Frameworks;
			sourceTree = "<group>";
		};
		4A4F49F72D382A7F00A4199A /* TurtleCoinModule */ = {
			isa = PBXGroup;
			children = (
				4A4F49F82D382A7F00A4199A /* TurtleCoinModule.h */,
				4A4F49F92D382A7F00A4199A /* TurtleCoinModule.mm */,
			);
			path = TurtleCoinModule;
			sourceTree = "<group>";
		};
		737FF4891AEDF81425B81E8C /* HuginTests */ = {
			isa = PBXGroup;
			children = (
				192E85579D0034C1FD814325 /* ExpoModulesProvider.swift */,
			);
			name = HuginTests;
			sourceTree = "<group>";
		};
		832341AE1AAA6A7D00B99B32 /* Libraries */ = {
			isa = PBXGroup;
			children = (
			);
			name = Libraries;
			sourceTree = "<group>";
		};
		83CBB9F61A601CBA00E9B192 = {
			isa = PBXGroup;
			children = (
				13B07FAE1A68108700A75B9A /* Hugin */,
				832341AE1AAA6A7D00B99B32 /* Libraries */,
				00E356EF1AD99517003FC87E /* HuginTests */,
				4A4F49F72D382A7F00A4199A /* TurtleCoinModule */,
				83CBBA001A601CBA00E9B192 /* Products */,
				2D16E6871FA4F8E400B85C8A /* Frameworks */,
				BBD78D7AC51CEA395F1C20DB /* Pods */,
				B629E6EC3127433D8C484F3A /* Resources */,
				EAC680ACD37B23D49B4D7B91 /* ExpoModulesProviders */,
			);
			indentWidth = 2;
			sourceTree = "<group>";
			tabWidth = 2;
			usesTabs = 0;
		};
		83CBBA001A601CBA00E9B192 /* Products */ = {
			isa = PBXGroup;
			children = (
				13B07F961A680F5B00A75B9A /* Hugin.app */,
				00E356EE1AD99517003FC87E /* HuginTests.xctest */,
				4A4F49F62D382A7E00A4199A /* libTurtleCoinModule.a */,
			);
			name = Products;
			sourceTree = "<group>";
		};
		B629E6EC3127433D8C484F3A /* Resources */ = {
			isa = PBXGroup;
			children = (
				3EF5CB882C14E0180071ADEE /* AntDesign.ttf */,
				3EF5CB812C14E0180071ADEE /* Entypo.ttf */,
				3EF5CB7E2C14E0180071ADEE /* EvilIcons.ttf */,
				3EF5CB802C14E0180071ADEE /* Feather.ttf */,
				3EF5CB7F2C14E0180071ADEE /* FontAwesome.ttf */,
				3EF5CB822C14E0180071ADEE /* FontAwesome5_Brands.ttf */,
				3EF5CB892C14E0180071ADEE /* FontAwesome5_Regular.ttf */,
				3EF5CB862C14E0180071ADEE /* FontAwesome5_Solid.ttf */,
				3EF5CB8A2C14E0180071ADEE /* FontAwesome6_Brands.ttf */,
				3E1ADCAF2C19FDB30019D938 /* Montserrat-Bold.ttf */,
				3E1ADCAD2C19FDAC0019D938 /* Montserrat-SemiBold.ttf */,
				3EF5CB8B2C14E0180071ADEE /* FontAwesome6_Regular.ttf */,
				3EF5CB832C14E0180071ADEE /* FontAwesome6_Solid.ttf */,
				3EF5CB8F2C14E0190071ADEE /* Fontisto.ttf */,
				3EF5CB842C14E0180071ADEE /* Foundation.ttf */,
				3EF5CB8D2C14E0190071ADEE /* Ionicons.ttf */,
				3EF5CB8C2C14E0180071ADEE /* MaterialCommunityIcons.ttf */,
				3EF5CB852C14E0180071ADEE /* MaterialIcons.ttf */,
				3EF5CB8E2C14E0190071ADEE /* Octicons.ttf */,
				3EF5CB872C14E0180071ADEE /* SimpleLineIcons.ttf */,
				3EF5CB7D2C14E0180071ADEE /* Zocial.ttf */,
				10C5D7DC10564D57A4A87852 /* Montserrat-Black.ttf */,
				2C753714BB2B4A4D95028B7A /* Montserrat-ExtraBold.ttf */,
				CB1CFF59AEC54F5DB494AA09 /* Montserrat-ExtraLight.ttf */,
				0035EC09969A4AAF90E67356 /* Montserrat-Light.ttf */,
				3221EC289913409996978DB8 /* Montserrat-Medium.ttf */,
				76C26A35419D449692F6E7FF /* Montserrat-Regular.ttf */,
				B9BEF04A67474451B1AA7544 /* Montserrat-Thin.ttf */,
				53763BC343EC400F9F28EF9D /* Roboto-Black.ttf */,
				6F9E2389FCA34C289A4FB948 /* Roboto-Bold.ttf */,
				450882FFA2D04E1AA2E203BB /* Roboto-Light.ttf */,
				9F5F91AD38E84A0EBFE857A9 /* Roboto-Medium.ttf */,
				55E26584F1ED499A886E78F6 /* Roboto-Regular.ttf */,
				59B3497C32624D07AADA8ECF /* Roboto-Thin.ttf */,
				82BE6AF21DF54D9D8A7FAC19 /* Montserrat-Bold.ttf */,
				AAE2D995CA5B4E8388F7D92F /* Montserrat-SemiBold.ttf */,
			);
			name = Resources;
			sourceTree = "<group>";
		};
		BBD78D7AC51CEA395F1C20DB /* Pods */ = {
			isa = PBXGroup;
			children = (
				3B4392A12AC88292D35C810B /* Pods-Hugin.debug.xcconfig */,
				5709B34CF0A7D63546082F79 /* Pods-Hugin.release.xcconfig */,
				5B7EB9410499542E8C5724F5 /* Pods-Hugin-HuginTests.debug.xcconfig */,
				89C6BE57DB24E9ADA2F236DE /* Pods-Hugin-HuginTests.release.xcconfig */,
			);
			path = Pods;
			sourceTree = "<group>";
		};
		EAC680ACD37B23D49B4D7B91 /* ExpoModulesProviders */ = {
			isa = PBXGroup;
			children = (
				F3E8E7094A4D150D5B299881 /* Hugin */,
				737FF4891AEDF81425B81E8C /* HuginTests */,
			);
			name = ExpoModulesProviders;
			sourceTree = "<group>";
		};
		F3E8E7094A4D150D5B299881 /* Hugin */ = {
			isa = PBXGroup;
			children = (
				F42CD377E0382FCCDD8BFE33 /* ExpoModulesProvider.swift */,
			);
			name = Hugin;
			sourceTree = "<group>";
		};
/* End PBXGroup section */

/* Begin PBXNativeTarget section */
		00E356ED1AD99517003FC87E /* HuginTests */ = {
			isa = PBXNativeTarget;
			buildConfigurationList = 00E357021AD99517003FC87E /* Build configuration list for PBXNativeTarget "HuginTests" */;
			buildPhases = (
				A55EABD7B0C7F3A422A6CC61 /* [CP] Check Pods Manifest.lock */,
				E31183D2F73DD206B1ADC788 /* [Expo] Configure project */,
				00E356EA1AD99517003FC87E /* Sources */,
				00E356EB1AD99517003FC87E /* Frameworks */,
				00E356EC1AD99517003FC87E /* Resources */,
				C59DA0FBD6956966B86A3779 /* [CP] Embed Pods Frameworks */,
				F6A41C54EA430FDDC6A6ED99 /* [CP] Copy Pods Resources */,
			);
			buildRules = (
			);
			dependencies = (
				00E356F51AD99517003FC87E /* PBXTargetDependency */,
			);
			name = HuginTests;
			productName = HuginTests;
			productReference = 00E356EE1AD99517003FC87E /* HuginTests.xctest */;
			productType = "com.apple.product-type.bundle.unit-test";
		};
		13B07F861A680F5B00A75B9A /* Hugin */ = {
			isa = PBXNativeTarget;
			buildConfigurationList = 13B07F931A680F5B00A75B9A /* Build configuration list for PBXNativeTarget "Hugin" */;
			buildPhases = (
				C38B50BA6285516D6DCD4F65 /* [CP] Check Pods Manifest.lock */,
				CF8AAB2128DAD7239BDA32AE /* [Expo] Configure project */,
				13B07F871A680F5B00A75B9A /* Sources */,
				13B07F8C1A680F5B00A75B9A /* Frameworks */,
				13B07F8E1A680F5B00A75B9A /* Resources */,
				00DD1BFF1BD5951E006B06BC /* Bundle React Native code and images */,
				00EEFC60759A1932668264C0 /* [CP] Embed Pods Frameworks */,
				E235C05ADACE081382539298 /* [CP] Copy Pods Resources */,
			);
			buildRules = (
			);
			dependencies = (
				4A4F4A012D382B8500A4199A /* PBXTargetDependency */,
			);
			name = Hugin;
			productName = Hugin;
			productReference = 13B07F961A680F5B00A75B9A /* Hugin.app */;
			productType = "com.apple.product-type.application";
		};
		4A4F49F52D382A7E00A4199A /* TurtleCoinModule */ = {
			isa = PBXNativeTarget;
			buildConfigurationList = 4A4F49FC2D382A7F00A4199A /* Build configuration list for PBXNativeTarget "TurtleCoinModule" */;
			buildPhases = (
				4A4F49F22D382A7E00A4199A /* Sources */,
				4A4F49F32D382A7E00A4199A /* Frameworks */,
				4A4F49F42D382A7E00A4199A /* CopyFiles */,
			);
			buildRules = (
			);
			dependencies = (
			);
			name = TurtleCoinModule;
			productName = TurtleCoinModule;
			productReference = 4A4F49F62D382A7E00A4199A /* libTurtleCoinModule.a */;
			productType = "com.apple.product-type.library.static";
		};
/* End PBXNativeTarget section */

/* Begin PBXProject section */
		83CBB9F71A601CBA00E9B192 /* Project object */ = {
			isa = PBXProject;
			attributes = {
				LastUpgradeCheck = 1210;
				TargetAttributes = {
					00E356ED1AD99517003FC87E = {
						CreatedOnToolsVersion = 6.2;
						TestTargetID = 13B07F861A680F5B00A75B9A;
					};
					13B07F861A680F5B00A75B9A = {
						LastSwiftMigration = 1120;
					};
					4A4F49F52D382A7E00A4199A = {
						CreatedOnToolsVersion = 15.4;
					};
				};
			};
			buildConfigurationList = 83CBB9FA1A601CBA00E9B192 /* Build configuration list for PBXProject "Hugin" */;
			compatibilityVersion = "Xcode 12.0";
			developmentRegion = en;
			hasScannedForEncodings = 0;
			knownRegions = (
				en,
				Base,
			);
			mainGroup = 83CBB9F61A601CBA00E9B192;
			productRefGroup = 83CBBA001A601CBA00E9B192 /* Products */;
			projectDirPath = "";
			projectRoot = "";
			targets = (
				13B07F861A680F5B00A75B9A /* Hugin */,
				00E356ED1AD99517003FC87E /* HuginTests */,
				4A4F49F52D382A7E00A4199A /* TurtleCoinModule */,
			);
		};
/* End PBXProject section */

/* Begin PBXResourcesBuildPhase section */
		00E356EC1AD99517003FC87E /* Resources */ = {
			isa = PBXResourcesBuildPhase;
			buildActionMask = 2147483647;
			files = (
			);
			runOnlyForDeploymentPostprocessing = 0;
		};
		13B07F8E1A680F5B00A75B9A /* Resources */ = {
			isa = PBXResourcesBuildPhase;
			buildActionMask = 2147483647;
			files = (
				81AB9BB82411601600AC10FF /* LaunchScreen.storyboard in Resources */,
				3EF5CB942C14E0190071ADEE /* Entypo.ttf in Resources */,
				3EF5CBA02C14E0190071ADEE /* Ionicons.ttf in Resources */,
				3EF5CB9B2C14E0190071ADEE /* AntDesign.ttf in Resources */,
				3EF5CB982C14E0190071ADEE /* MaterialIcons.ttf in Resources */,
				3EF5CB992C14E0190071ADEE /* FontAwesome5_Solid.ttf in Resources */,
				13B07FBF1A68108700A75B9A /* Images.xcassets in Resources */,
				3EF5CB9F2C14E0190071ADEE /* MaterialCommunityIcons.ttf in Resources */,
				3EF5CB9A2C14E0190071ADEE /* SimpleLineIcons.ttf in Resources */,
				3EF5CB932C14E0190071ADEE /* Feather.ttf in Resources */,
				D91053670CB58E93792F1E04 /* PrivacyInfo.xcprivacy in Resources */,
				3EF5CB9C2C14E0190071ADEE /* FontAwesome5_Regular.ttf in Resources */,
				3EF5CB9D2C14E0190071ADEE /* FontAwesome6_Brands.ttf in Resources */,
				3EF5CB952C14E0190071ADEE /* FontAwesome5_Brands.ttf in Resources */,
				92475B7FDE014E53ADC3331C /* Montserrat-Black.ttf in Resources */,
				FBFEDE2D0B28489A80C30051 /* Montserrat-ExtraBold.ttf in Resources */,
				3EF5CB962C14E0190071ADEE /* FontAwesome6_Solid.ttf in Resources */,
				3EF5CB972C14E0190071ADEE /* Foundation.ttf in Resources */,
				16FF29976C6B4CB9A611316D /* Montserrat-ExtraLight.ttf in Resources */,
				30F4E9A0E3F24269803CFA03 /* Montserrat-Light.ttf in Resources */,
				3EF5CB912C14E0190071ADEE /* EvilIcons.ttf in Resources */,
				F0E5E89DC5144A8EB75BD2D8 /* Montserrat-Medium.ttf in Resources */,
				3EF5CBA12C14E0190071ADEE /* Octicons.ttf in Resources */,
				D897F47961BE4A199F51508E /* Montserrat-Regular.ttf in Resources */,
				4F96809E00304521A1D16DE3 /* Montserrat-Thin.ttf in Resources */,
				3EF5CB9E2C14E0190071ADEE /* FontAwesome6_Regular.ttf in Resources */,
				BC0B4EB7C40C4BFC911DFBE0 /* Roboto-Black.ttf in Resources */,
				3EF5CBA22C14E0190071ADEE /* Fontisto.ttf in Resources */,
				7DDDDA75A50843E6B5E7B985 /* Roboto-Bold.ttf in Resources */,
				A5A5CEB5398443F8ABF9A9A2 /* Roboto-Light.ttf in Resources */,
				B726ABAC8CAB46B0A763F228 /* Roboto-Medium.ttf in Resources */,
				6311024F685D47DAB572A5CE /* Roboto-Regular.ttf in Resources */,
				3EF5CB922C14E0190071ADEE /* FontAwesome.ttf in Resources */,
				3EF5CB902C14E0190071ADEE /* Zocial.ttf in Resources */,
				048848C92DC04058B4C0BC9F /* Roboto-Thin.ttf in Resources */,
				7383CDBC103742BC8AD01099 /* Montserrat-Bold.ttf in Resources */,
				A245146D8B784A5591B684A6 /* Montserrat-SemiBold.ttf in Resources */,
			);
			runOnlyForDeploymentPostprocessing = 0;
		};
/* End PBXResourcesBuildPhase section */

/* Begin PBXShellScriptBuildPhase section */
		00DD1BFF1BD5951E006B06BC /* Bundle React Native code and images */ = {
			isa = PBXShellScriptBuildPhase;
			buildActionMask = 2147483647;
			files = (
			);
			inputPaths = (
				"$(SRCROOT)/.xcode.env.local",
				"$(SRCROOT)/.xcode.env",
			);
			name = "Bundle React Native code and images";
			outputPaths = (
			);
			runOnlyForDeploymentPostprocessing = 0;
			shellPath = /bin/sh;
			shellScript = "if [[ -f \"$PODS_ROOT/../.xcode.env\" ]]; then\n  source \"$PODS_ROOT/../.xcode.env\"\nfi\nif [[ -f \"$PODS_ROOT/../.xcode.env.local\" ]]; then\n  source \"$PODS_ROOT/../.xcode.env.local\"\nfi\n\n# The project root by default is one level up from the ios directory\nexport PROJECT_ROOT=\"$PROJECT_DIR\"/..\n\nif [[ \"$CONFIGURATION\" = *Debug* ]]; then\n  export SKIP_BUNDLING=1\nfi\nif [[ -z \"$ENTRY_FILE\" ]]; then\n  # Set the entry JS file using the bundler's entry resolution.\n  export ENTRY_FILE=\"$(\"$NODE_BINARY\" -e \"require('expo/scripts/resolveAppEntry')\" \"$PROJECT_ROOT\" ios absolute | tail -n 1)\"\nfi\n\nif [[ -z \"$CLI_PATH\" ]]; then\n  # Use Expo CLI\n  export CLI_PATH=\"$(\"$NODE_BINARY\" --print \"require.resolve('@expo/cli')\")\"\nfi\nif [[ -z \"$BUNDLE_COMMAND\" ]]; then\n  # Default Expo CLI command for bundling\n  export BUNDLE_COMMAND=\"export:embed\"\nfi\n\n`\"$NODE_BINARY\" --print \"require('path').dirname(require.resolve('react-native/package.json')) + '/scripts/react-native-xcode.sh'\"`\n";
		};
		00EEFC60759A1932668264C0 /* [CP] Embed Pods Frameworks */ = {
			isa = PBXShellScriptBuildPhase;
			buildActionMask = 2147483647;
			files = (
			);
			inputFileListPaths = (
				"${PODS_ROOT}/Target Support Files/Pods-Hugin/Pods-Hugin-frameworks-${CONFIGURATION}-input-files.xcfilelist",
			);
			name = "[CP] Embed Pods Frameworks";
			outputFileListPaths = (
				"${PODS_ROOT}/Target Support Files/Pods-Hugin/Pods-Hugin-frameworks-${CONFIGURATION}-output-files.xcfilelist",
			);
			runOnlyForDeploymentPostprocessing = 0;
			shellPath = /bin/sh;
			shellScript = "\"${PODS_ROOT}/Target Support Files/Pods-Hugin/Pods-Hugin-frameworks.sh\"\n";
			showEnvVarsInLog = 0;
		};
		A55EABD7B0C7F3A422A6CC61 /* [CP] Check Pods Manifest.lock */ = {
			isa = PBXShellScriptBuildPhase;
			buildActionMask = 2147483647;
			files = (
			);
			inputFileListPaths = (
			);
			inputPaths = (
				"${PODS_PODFILE_DIR_PATH}/Podfile.lock",
				"${PODS_ROOT}/Manifest.lock",
			);
			name = "[CP] Check Pods Manifest.lock";
			outputFileListPaths = (
			);
			outputPaths = (
				"$(DERIVED_FILE_DIR)/Pods-Hugin-HuginTests-checkManifestLockResult.txt",
			);
			runOnlyForDeploymentPostprocessing = 0;
			shellPath = /bin/sh;
			shellScript = "diff \"${PODS_PODFILE_DIR_PATH}/Podfile.lock\" \"${PODS_ROOT}/Manifest.lock\" > /dev/null\nif [ $? != 0 ] ; then\n    # print error to STDERR\n    echo \"error: The sandbox is not in sync with the Podfile.lock. Run 'pod install' or update your CocoaPods installation.\" >&2\n    exit 1\nfi\n# This output is used by Xcode 'outputs' to avoid re-running this script phase.\necho \"SUCCESS\" > \"${SCRIPT_OUTPUT_FILE_0}\"\n";
			showEnvVarsInLog = 0;
		};
		C38B50BA6285516D6DCD4F65 /* [CP] Check Pods Manifest.lock */ = {
			isa = PBXShellScriptBuildPhase;
			buildActionMask = 2147483647;
			files = (
			);
			inputFileListPaths = (
			);
			inputPaths = (
				"${PODS_PODFILE_DIR_PATH}/Podfile.lock",
				"${PODS_ROOT}/Manifest.lock",
			);
			name = "[CP] Check Pods Manifest.lock";
			outputFileListPaths = (
			);
			outputPaths = (
				"$(DERIVED_FILE_DIR)/Pods-Hugin-checkManifestLockResult.txt",
			);
			runOnlyForDeploymentPostprocessing = 0;
			shellPath = /bin/sh;
			shellScript = "diff \"${PODS_PODFILE_DIR_PATH}/Podfile.lock\" \"${PODS_ROOT}/Manifest.lock\" > /dev/null\nif [ $? != 0 ] ; then\n    # print error to STDERR\n    echo \"error: The sandbox is not in sync with the Podfile.lock. Run 'pod install' or update your CocoaPods installation.\" >&2\n    exit 1\nfi\n# This output is used by Xcode 'outputs' to avoid re-running this script phase.\necho \"SUCCESS\" > \"${SCRIPT_OUTPUT_FILE_0}\"\n";
			showEnvVarsInLog = 0;
		};
		C59DA0FBD6956966B86A3779 /* [CP] Embed Pods Frameworks */ = {
			isa = PBXShellScriptBuildPhase;
			buildActionMask = 2147483647;
			files = (
			);
			inputFileListPaths = (
				"${PODS_ROOT}/Target Support Files/Pods-Hugin-HuginTests/Pods-Hugin-HuginTests-frameworks-${CONFIGURATION}-input-files.xcfilelist",
			);
			name = "[CP] Embed Pods Frameworks";
			outputFileListPaths = (
				"${PODS_ROOT}/Target Support Files/Pods-Hugin-HuginTests/Pods-Hugin-HuginTests-frameworks-${CONFIGURATION}-output-files.xcfilelist",
			);
			runOnlyForDeploymentPostprocessing = 0;
			shellPath = /bin/sh;
			shellScript = "\"${PODS_ROOT}/Target Support Files/Pods-Hugin-HuginTests/Pods-Hugin-HuginTests-frameworks.sh\"\n";
			showEnvVarsInLog = 0;
		};
		CF8AAB2128DAD7239BDA32AE /* [Expo] Configure project */ = {
			isa = PBXShellScriptBuildPhase;
			alwaysOutOfDate = 1;
			buildActionMask = 2147483647;
			files = (
			);
			inputFileListPaths = (
			);
			inputPaths = (
			);
			name = "[Expo] Configure project";
			outputFileListPaths = (
			);
			outputPaths = (
			);
			runOnlyForDeploymentPostprocessing = 0;
			shellPath = /bin/sh;
			shellScript = "# This script configures Expo modules and generates the modules provider file.\nbash -l -c \"./Pods/Target\\ Support\\ Files/Pods-Hugin/expo-configure-project.sh\"\n";
		};
		E235C05ADACE081382539298 /* [CP] Copy Pods Resources */ = {
			isa = PBXShellScriptBuildPhase;
			buildActionMask = 2147483647;
			files = (
			);
			inputFileListPaths = (
				"${PODS_ROOT}/Target Support Files/Pods-Hugin/Pods-Hugin-resources-${CONFIGURATION}-input-files.xcfilelist",
			);
			name = "[CP] Copy Pods Resources";
			outputFileListPaths = (
				"${PODS_ROOT}/Target Support Files/Pods-Hugin/Pods-Hugin-resources-${CONFIGURATION}-output-files.xcfilelist",
			);
			runOnlyForDeploymentPostprocessing = 0;
			shellPath = /bin/sh;
			shellScript = "\"${PODS_ROOT}/Target Support Files/Pods-Hugin/Pods-Hugin-resources.sh\"\n";
			showEnvVarsInLog = 0;
		};
		E31183D2F73DD206B1ADC788 /* [Expo] Configure project */ = {
			isa = PBXShellScriptBuildPhase;
			alwaysOutOfDate = 1;
			buildActionMask = 2147483647;
			files = (
			);
			inputFileListPaths = (
			);
			inputPaths = (
			);
			name = "[Expo] Configure project";
			outputFileListPaths = (
			);
			outputPaths = (
			);
			runOnlyForDeploymentPostprocessing = 0;
			shellPath = /bin/sh;
			shellScript = "# This script configures Expo modules and generates the modules provider file.\nbash -l -c \"./Pods/Target\\ Support\\ Files/Pods-Hugin-HuginTests/expo-configure-project.sh\"\n";
		};
		F6A41C54EA430FDDC6A6ED99 /* [CP] Copy Pods Resources */ = {
			isa = PBXShellScriptBuildPhase;
			buildActionMask = 2147483647;
			files = (
			);
			inputFileListPaths = (
				"${PODS_ROOT}/Target Support Files/Pods-Hugin-HuginTests/Pods-Hugin-HuginTests-resources-${CONFIGURATION}-input-files.xcfilelist",
			);
			name = "[CP] Copy Pods Resources";
			outputFileListPaths = (
				"${PODS_ROOT}/Target Support Files/Pods-Hugin-HuginTests/Pods-Hugin-HuginTests-resources-${CONFIGURATION}-output-files.xcfilelist",
			);
			runOnlyForDeploymentPostprocessing = 0;
			shellPath = /bin/sh;
			shellScript = "\"${PODS_ROOT}/Target Support Files/Pods-Hugin-HuginTests/Pods-Hugin-HuginTests-resources.sh\"\n";
			showEnvVarsInLog = 0;
		};
/* End PBXShellScriptBuildPhase section */

/* Begin PBXSourcesBuildPhase section */
		00E356EA1AD99517003FC87E /* Sources */ = {
			isa = PBXSourcesBuildPhase;
			buildActionMask = 2147483647;
			files = (
				00E356F31AD99517003FC87E /* HuginTests.m in Sources */,
				F8483FF02B0DB79D9654AF40 /* ExpoModulesProvider.swift in Sources */,
			);
			runOnlyForDeploymentPostprocessing = 0;
		};
		13B07F871A680F5B00A75B9A /* Sources */ = {
			isa = PBXSourcesBuildPhase;
			buildActionMask = 2147483647;
			files = (
				13B07FBC1A68108700A75B9A /* AppDelegate.mm in Sources */,
				13B07FC11A68108700A75B9A /* main.m in Sources */,
				0DD5CC6A0491A8CCACEF3D94 /* ExpoModulesProvider.swift in Sources */,
			);
			runOnlyForDeploymentPostprocessing = 0;
		};
		4A4F49F22D382A7E00A4199A /* Sources */ = {
			isa = PBXSourcesBuildPhase;
			buildActionMask = 2147483647;
			files = (
				4A4F49FA2D382A7F00A4199A /* TurtleCoinModule.mm in Sources */,
			);
			runOnlyForDeploymentPostprocessing = 0;
		};
/* End PBXSourcesBuildPhase section */

/* Begin PBXTargetDependency section */
		00E356F51AD99517003FC87E /* PBXTargetDependency */ = {
			isa = PBXTargetDependency;
			target = 13B07F861A680F5B00A75B9A /* Hugin */;
			targetProxy = 00E356F41AD99517003FC87E /* PBXContainerItemProxy */;
		};
		4A4F4A012D382B8500A4199A /* PBXTargetDependency */ = {
			isa = PBXTargetDependency;
			target = 4A4F49F52D382A7E00A4199A /* TurtleCoinModule */;
			targetProxy = 4A4F4A002D382B8500A4199A /* PBXContainerItemProxy */;
		};
/* End PBXTargetDependency section */

/* Begin XCBuildConfiguration section */
		00E356F61AD99517003FC87E /* Debug */ = {
			isa = XCBuildConfiguration;
			baseConfigurationReference = 5B7EB9410499542E8C5724F5 /* Pods-Hugin-HuginTests.debug.xcconfig */;
			buildSettings = {
				BUNDLE_LOADER = "$(TEST_HOST)";
				GCC_PREPROCESSOR_DEFINITIONS = (
					"DEBUG=1",
					"$(inherited)",
				);
				INFOPLIST_FILE = HuginTests/Info.plist;
				IPHONEOS_DEPLOYMENT_TARGET = 13.4;
				LD_RUNPATH_SEARCH_PATHS = (
					"$(inherited)",
					"@executable_path/Frameworks",
					"@loader_path/Frameworks",
				);
				OTHER_LDFLAGS = (
					"-ObjC",
					"-lc++",
					"$(inherited)",
				);
				OTHER_SWIFT_FLAGS = "$(inherited) -D EXPO_CONFIGURATION_DEBUG";
				PRODUCT_BUNDLE_IDENTIFIER = "org.reactjs.native.example.$(PRODUCT_NAME:rfc1034identifier)";
				PRODUCT_NAME = "$(TARGET_NAME)";
				TEST_HOST = "$(BUILT_PRODUCTS_DIR)/Hugin.app/Hugin";
			};
			name = Debug;
		};
		00E356F71AD99517003FC87E /* Release */ = {
			isa = XCBuildConfiguration;
			baseConfigurationReference = 89C6BE57DB24E9ADA2F236DE /* Pods-Hugin-HuginTests.release.xcconfig */;
			buildSettings = {
				BUNDLE_LOADER = "$(TEST_HOST)";
				COPY_PHASE_STRIP = NO;
				INFOPLIST_FILE = HuginTests/Info.plist;
				IPHONEOS_DEPLOYMENT_TARGET = 13.4;
				LD_RUNPATH_SEARCH_PATHS = (
					"$(inherited)",
					"@executable_path/Frameworks",
					"@loader_path/Frameworks",
				);
				OTHER_LDFLAGS = (
					"-ObjC",
					"-lc++",
					"$(inherited)",
				);
				OTHER_SWIFT_FLAGS = "$(inherited) -D EXPO_CONFIGURATION_RELEASE";
				PRODUCT_BUNDLE_IDENTIFIER = "org.reactjs.native.example.$(PRODUCT_NAME:rfc1034identifier)";
				PRODUCT_NAME = "$(TARGET_NAME)";
				TEST_HOST = "$(BUILT_PRODUCTS_DIR)/Hugin.app/Hugin";
			};
			name = Release;
		};
		13B07F941A680F5B00A75B9A /* Debug */ = {
			isa = XCBuildConfiguration;
			baseConfigurationReference = 3B4392A12AC88292D35C810B /* Pods-Hugin.debug.xcconfig */;
			buildSettings = {
				ASSETCATALOG_COMPILER_APPICON_NAME = AppIcon;
				CLANG_ENABLE_MODULES = YES;
				CURRENT_PROJECT_VERSION = 1;
				CXX = "";
				DEVELOPMENT_TEAM = P8M9G622QT;
				ENABLE_BITCODE = NO;
				FRAMEWORK_SEARCH_PATHS = (
					"$(inherited)",
					"\"${PODS_ROOT}/hermes-engine/destroot/Library/Frameworks/universal\"",
					"\"${PODS_XCFRAMEWORKS_BUILD_DIR}/hermes-engine/Pre-built\"",
				);
				INFOPLIST_FILE = Hugin/Info.plist;
				IPHONEOS_DEPLOYMENT_TARGET = 14.0;
				LD_RUNPATH_SEARCH_PATHS = (
					"$(inherited)",
					"@executable_path/Frameworks",
				);
				MARKETING_VERSION = 1.0;
				OTHER_CPLUSPLUSFLAGS = (
					"$(OTHER_CFLAGS)",
					"-DFOLLY_NO_CONFIG",
					"-DFOLLY_MOBILE=1",
					"-DFOLLY_USE_LIBCPP=1",
					"-DFOLLY_CFG_NO_COROUTINES=1",
					"-stdlib=libc++",
					"-DFOLLY_HAVE_CLOCK_GETTIME=1",
				);
				OTHER_LDFLAGS = (
					"$(inherited)",
					"-ObjC",
					"-lc++",
				);
				OTHER_SWIFT_FLAGS = "$(inherited) -D EXPO_CONFIGURATION_DEBUG";
				PRODUCT_BUNDLE_IDENTIFIER = "org.reactjs.native.example.$(PRODUCT_NAME:rfc1034identifier)";
				PRODUCT_NAME = Hugin;
				SWIFT_OPTIMIZATION_LEVEL = "-Onone";
				SWIFT_VERSION = 5.0;
				VERSIONING_SYSTEM = "apple-generic";
			};
			name = Debug;
		};
		13B07F951A680F5B00A75B9A /* Release */ = {
			isa = XCBuildConfiguration;
			baseConfigurationReference = 5709B34CF0A7D63546082F79 /* Pods-Hugin.release.xcconfig */;
			buildSettings = {
				ASSETCATALOG_COMPILER_APPICON_NAME = AppIcon;
				CLANG_ENABLE_MODULES = YES;
				CURRENT_PROJECT_VERSION = 1;
				CXX = "";
				DEVELOPMENT_TEAM = P8M9G622QT;
				FRAMEWORK_SEARCH_PATHS = (
					"$(inherited)",
					"\"${PODS_ROOT}/hermes-engine/destroot/Library/Frameworks/universal\"",
					"\"${PODS_XCFRAMEWORKS_BUILD_DIR}/hermes-engine/Pre-built\"",
				);
				INFOPLIST_FILE = Hugin/Info.plist;
				IPHONEOS_DEPLOYMENT_TARGET = 14.0;
				LD_RUNPATH_SEARCH_PATHS = (
					"$(inherited)",
					"@executable_path/Frameworks",
				);
				MARKETING_VERSION = 1.0;
				OTHER_LDFLAGS = (
					"$(inherited)",
					"-ObjC",
					"-lc++",
				);
				OTHER_SWIFT_FLAGS = "$(inherited) -D EXPO_CONFIGURATION_RELEASE";
				PRODUCT_BUNDLE_IDENTIFIER = "org.reactjs.native.example.$(PRODUCT_NAME:rfc1034identifier)";
				PRODUCT_NAME = Hugin;
				SWIFT_VERSION = 5.0;
				VERSIONING_SYSTEM = "apple-generic";
			};
			name = Release;
		};
		4A4F49FD2D382A7F00A4199A /* Debug */ = {
			isa = XCBuildConfiguration;
			buildSettings = {
				ALWAYS_EMBED_SWIFT_STANDARD_LIBRARIES = NO;
				ASSETCATALOG_COMPILER_GENERATE_SWIFT_ASSET_SYMBOL_EXTENSIONS = YES;
				CLANG_ANALYZER_NONNULL = YES;
				CLANG_ANALYZER_NUMBER_OBJECT_CONVERSION = YES_AGGRESSIVE;
				CLANG_CXX_LANGUAGE_STANDARD = "c++17";
				CLANG_ENABLE_OBJC_WEAK = YES;
				CLANG_WARN_DOCUMENTATION_COMMENTS = YES;
				CLANG_WARN_UNGUARDED_AVAILABILITY = YES_AGGRESSIVE;
				CODE_SIGN_STYLE = Automatic;
				DEBUG_INFORMATION_FORMAT = dwarf;
				ENABLE_USER_SCRIPT_SANDBOXING = YES;
				GCC_C_LANGUAGE_STANDARD = gnu17;
				HEADER_SEARCH_PATHS = (
					"/Library/Developer/CommandLineTools/SDKs/MacOSX14.4.sdk/usr/include/c++/v1/**",
					"/Applications/Xcode.app/Contents/Developer/Platforms/iPhoneSimulator.platform/Developer/SDKs/iPhoneSimulator.sdk/usr/include/**",
					"${SRCROOT}/../ios/Pods/Headers/**",
				);
				IPHONEOS_DEPLOYMENT_TARGET = 17.5;
				LOCALIZATION_PREFERS_STRING_CATALOGS = YES;
				MTL_ENABLE_DEBUG_INFO = INCLUDE_SOURCE;
				MTL_FAST_MATH = YES;
				OTHER_CPLUSPLUSFLAGS = (
					"$(OTHER_CFLAGS)",
					"-DFOLLY_NO_CONFIG",
					"-DFOLLY_MOBILE=1",
					"-DFOLLY_USE_LIBCPP=1",
					"-DFOLLY_CFG_NO_COROUTINES=1",
					"-DFOLLY_HAVE_CLOCK_GETTIME=1",
					"-stdlib=libc++",
				);
				OTHER_LDFLAGS = "-ObjC";
				OTHER_SWIFT_FLAGS = "$(inherited) -D EXPO_CONFIGURATION_DEBUG";
				PRODUCT_NAME = "$(TARGET_NAME)";
				SKIP_INSTALL = YES;
				TARGETED_DEVICE_FAMILY = "1,2";
			};
			name = Debug;
		};
		4A4F49FE2D382A7F00A4199A /* Release */ = {
			isa = XCBuildConfiguration;
			buildSettings = {
				ALWAYS_EMBED_SWIFT_STANDARD_LIBRARIES = NO;
				ASSETCATALOG_COMPILER_GENERATE_SWIFT_ASSET_SYMBOL_EXTENSIONS = YES;
				CLANG_ANALYZER_NONNULL = YES;
				CLANG_ANALYZER_NUMBER_OBJECT_CONVERSION = YES_AGGRESSIVE;
				CLANG_CXX_LANGUAGE_STANDARD = "c++17";
				CLANG_ENABLE_OBJC_WEAK = YES;
				CLANG_WARN_DOCUMENTATION_COMMENTS = YES;
				CLANG_WARN_UNGUARDED_AVAILABILITY = YES_AGGRESSIVE;
				CODE_SIGN_STYLE = Automatic;
				COPY_PHASE_STRIP = NO;
				DEBUG_INFORMATION_FORMAT = "dwarf-with-dsym";
				ENABLE_USER_SCRIPT_SANDBOXING = YES;
				GCC_C_LANGUAGE_STANDARD = gnu17;
				HEADER_SEARCH_PATHS = (
					"/Library/Developer/CommandLineTools/SDKs/MacOSX14.4.sdk/usr/include/c++/v1/**",
					"/Applications/Xcode.app/Contents/Developer/Platforms/iPhoneSimulator.platform/Developer/SDKs/iPhoneSimulator.sdk/usr/include/**",
					"${SRCROOT}/../ios/Pods/Headers/**",
				);
				IPHONEOS_DEPLOYMENT_TARGET = 17.5;
				LOCALIZATION_PREFERS_STRING_CATALOGS = YES;
				MTL_FAST_MATH = YES;
				OTHER_CPLUSPLUSFLAGS = (
					"$(OTHER_CFLAGS)",
					"-DFOLLY_NO_CONFIG",
					"-DFOLLY_MOBILE=1",
					"-DFOLLY_USE_LIBCPP=1",
					"-DFOLLY_CFG_NO_COROUTINES=1",
					"-DFOLLY_HAVE_CLOCK_GETTIME=1",
					"-stdlib=libc++",
				);
				OTHER_LDFLAGS = "-ObjC";
				OTHER_SWIFT_FLAGS = "$(inherited) -D EXPO_CONFIGURATION_RELEASE";
				PRODUCT_NAME = "$(TARGET_NAME)";
				SKIP_INSTALL = YES;
				TARGETED_DEVICE_FAMILY = "1,2";
			};
			name = Release;
		};
		83CBBA201A601CBA00E9B192 /* Debug */ = {
			isa = XCBuildConfiguration;
			buildSettings = {
				ALWAYS_SEARCH_USER_PATHS = NO;
				CC = "";
				CLANG_ANALYZER_LOCALIZABILITY_NONLOCALIZED = YES;
				CLANG_CXX_LANGUAGE_STANDARD = "c++20";
				CLANG_CXX_LIBRARY = "libc++";
				CLANG_ENABLE_MODULES = YES;
				CLANG_ENABLE_OBJC_ARC = YES;
				CLANG_WARN_BLOCK_CAPTURE_AUTORELEASING = YES;
				CLANG_WARN_BOOL_CONVERSION = YES;
				CLANG_WARN_COMMA = YES;
				CLANG_WARN_CONSTANT_CONVERSION = YES;
				CLANG_WARN_DEPRECATED_OBJC_IMPLEMENTATIONS = YES;
				CLANG_WARN_DIRECT_OBJC_ISA_USAGE = YES_ERROR;
				CLANG_WARN_EMPTY_BODY = YES;
				CLANG_WARN_ENUM_CONVERSION = YES;
				CLANG_WARN_INFINITE_RECURSION = YES;
				CLANG_WARN_INT_CONVERSION = YES;
				CLANG_WARN_NON_LITERAL_NULL_CONVERSION = YES;
				CLANG_WARN_OBJC_IMPLICIT_RETAIN_SELF = YES;
				CLANG_WARN_OBJC_LITERAL_CONVERSION = YES;
				CLANG_WARN_OBJC_ROOT_CLASS = YES_ERROR;
				CLANG_WARN_QUOTED_INCLUDE_IN_FRAMEWORK_HEADER = YES;
				CLANG_WARN_RANGE_LOOP_ANALYSIS = YES;
				CLANG_WARN_STRICT_PROTOTYPES = YES;
				CLANG_WARN_SUSPICIOUS_MOVE = YES;
				CLANG_WARN_UNREACHABLE_CODE = YES;
				CLANG_WARN__DUPLICATE_METHOD_MATCH = YES;
				"CODE_SIGN_IDENTITY[sdk=iphoneos*]" = "iPhone Developer";
				COPY_PHASE_STRIP = NO;
				CXX = "";
				ENABLE_STRICT_OBJC_MSGSEND = YES;
				ENABLE_TESTABILITY = YES;
				"EXCLUDED_ARCHS[sdk=iphonesimulator*]" = i386;
				GCC_C_LANGUAGE_STANDARD = gnu99;
				GCC_DYNAMIC_NO_PIC = NO;
				GCC_NO_COMMON_BLOCKS = YES;
				GCC_OPTIMIZATION_LEVEL = 0;
				GCC_PREPROCESSOR_DEFINITIONS = (
					"DEBUG=1",
					"$(inherited)",
				);
				GCC_SYMBOLS_PRIVATE_EXTERN = NO;
				GCC_WARN_64_TO_32_BIT_CONVERSION = YES;
				GCC_WARN_ABOUT_RETURN_TYPE = YES_ERROR;
				GCC_WARN_UNDECLARED_SELECTOR = YES;
				GCC_WARN_UNINITIALIZED_AUTOS = YES_AGGRESSIVE;
				GCC_WARN_UNUSED_FUNCTION = YES;
				GCC_WARN_UNUSED_VARIABLE = YES;
				IPHONEOS_DEPLOYMENT_TARGET = 13.4;
				LD = "";
				LDPLUSPLUS = "";
				LD_RUNPATH_SEARCH_PATHS = (
					/usr/lib/swift,
					"$(inherited)",
				);
				LIBRARY_SEARCH_PATHS = (
					"\"$(SDKROOT)/usr/lib/swift\"",
					"\"$(TOOLCHAIN_DIR)/usr/lib/swift/$(PLATFORM_NAME)\"",
					"\"$(inherited)\"",
				);
				MTL_ENABLE_DEBUG_INFO = YES;
				ONLY_ACTIVE_ARCH = YES;
				OTHER_CFLAGS = "$(inherited)";
				OTHER_CPLUSPLUSFLAGS = (
					"$(OTHER_CFLAGS)",
					"-DFOLLY_NO_CONFIG",
					"-DFOLLY_MOBILE=1",
					"-DFOLLY_USE_LIBCPP=1",
					"-DFOLLY_CFG_NO_COROUTINES=1",
					"-DFOLLY_HAVE_CLOCK_GETTIME=1",
				);
				OTHER_LDFLAGS = "$(inherited)  ";
				REACT_NATIVE_PATH = "${PODS_ROOT}/../../node_modules/react-native";
				SDKROOT = iphoneos;
				USE_HERMES = true;
			};
			name = Debug;
		};
		83CBBA211A601CBA00E9B192 /* Release */ = {
			isa = XCBuildConfiguration;
			buildSettings = {
				ALWAYS_SEARCH_USER_PATHS = NO;
				CC = "";
				CLANG_ANALYZER_LOCALIZABILITY_NONLOCALIZED = YES;
				CLANG_CXX_LANGUAGE_STANDARD = "c++20";
				CLANG_CXX_LIBRARY = "libc++";
				CLANG_ENABLE_MODULES = YES;
				CLANG_ENABLE_OBJC_ARC = YES;
				CLANG_WARN_BLOCK_CAPTURE_AUTORELEASING = YES;
				CLANG_WARN_BOOL_CONVERSION = YES;
				CLANG_WARN_COMMA = YES;
				CLANG_WARN_CONSTANT_CONVERSION = YES;
				CLANG_WARN_DEPRECATED_OBJC_IMPLEMENTATIONS = YES;
				CLANG_WARN_DIRECT_OBJC_ISA_USAGE = YES_ERROR;
				CLANG_WARN_EMPTY_BODY = YES;
				CLANG_WARN_ENUM_CONVERSION = YES;
				CLANG_WARN_INFINITE_RECURSION = YES;
				CLANG_WARN_INT_CONVERSION = YES;
				CLANG_WARN_NON_LITERAL_NULL_CONVERSION = YES;
				CLANG_WARN_OBJC_IMPLICIT_RETAIN_SELF = YES;
				CLANG_WARN_OBJC_LITERAL_CONVERSION = YES;
				CLANG_WARN_OBJC_ROOT_CLASS = YES_ERROR;
				CLANG_WARN_QUOTED_INCLUDE_IN_FRAMEWORK_HEADER = YES;
				CLANG_WARN_RANGE_LOOP_ANALYSIS = YES;
				CLANG_WARN_STRICT_PROTOTYPES = YES;
				CLANG_WARN_SUSPICIOUS_MOVE = YES;
				CLANG_WARN_UNREACHABLE_CODE = YES;
				CLANG_WARN__DUPLICATE_METHOD_MATCH = YES;
				"CODE_SIGN_IDENTITY[sdk=iphoneos*]" = "iPhone Developer";
				COPY_PHASE_STRIP = YES;
				CXX = "";
				ENABLE_NS_ASSERTIONS = NO;
				ENABLE_STRICT_OBJC_MSGSEND = YES;
				"EXCLUDED_ARCHS[sdk=iphonesimulator*]" = i386;
				GCC_C_LANGUAGE_STANDARD = gnu99;
				GCC_NO_COMMON_BLOCKS = YES;
				GCC_WARN_64_TO_32_BIT_CONVERSION = YES;
				GCC_WARN_ABOUT_RETURN_TYPE = YES_ERROR;
				GCC_WARN_UNDECLARED_SELECTOR = YES;
				GCC_WARN_UNINITIALIZED_AUTOS = YES_AGGRESSIVE;
				GCC_WARN_UNUSED_FUNCTION = YES;
				GCC_WARN_UNUSED_VARIABLE = YES;
				IPHONEOS_DEPLOYMENT_TARGET = 13.4;
				LD = "";
				LDPLUSPLUS = "";
				LD_RUNPATH_SEARCH_PATHS = (
					/usr/lib/swift,
					"$(inherited)",
				);
				LIBRARY_SEARCH_PATHS = (
					"\"$(SDKROOT)/usr/lib/swift\"",
					"\"$(TOOLCHAIN_DIR)/usr/lib/swift/$(PLATFORM_NAME)\"",
					"\"$(inherited)\"",
				);
				MTL_ENABLE_DEBUG_INFO = NO;
				OTHER_CFLAGS = "$(inherited)";
				OTHER_CPLUSPLUSFLAGS = (
					"$(OTHER_CFLAGS)",
					"-DFOLLY_NO_CONFIG",
					"-DFOLLY_MOBILE=1",
					"-DFOLLY_USE_LIBCPP=1",
					"-DFOLLY_CFG_NO_COROUTINES=1",
					"-DFOLLY_HAVE_CLOCK_GETTIME=1",
				);
				OTHER_LDFLAGS = "$(inherited)  ";
				REACT_NATIVE_PATH = "${PODS_ROOT}/../../node_modules/react-native";
				SDKROOT = iphoneos;
				USE_HERMES = true;
				VALIDATE_PRODUCT = YES;
			};
			name = Release;
		};
/* End XCBuildConfiguration section */

/* Begin XCConfigurationList section */
		00E357021AD99517003FC87E /* Build configuration list for PBXNativeTarget "HuginTests" */ = {
			isa = XCConfigurationList;
			buildConfigurations = (
				00E356F61AD99517003FC87E /* Debug */,
				00E356F71AD99517003FC87E /* Release */,
			);
			defaultConfigurationIsVisible = 0;
			defaultConfigurationName = Release;
		};
		13B07F931A680F5B00A75B9A /* Build configuration list for PBXNativeTarget "Hugin" */ = {
			isa = XCConfigurationList;
			buildConfigurations = (
				13B07F941A680F5B00A75B9A /* Debug */,
				13B07F951A680F5B00A75B9A /* Release */,
			);
			defaultConfigurationIsVisible = 0;
			defaultConfigurationName = Release;
		};
		4A4F49FC2D382A7F00A4199A /* Build configuration list for PBXNativeTarget "TurtleCoinModule" */ = {
			isa = XCConfigurationList;
			buildConfigurations = (
				4A4F49FD2D382A7F00A4199A /* Debug */,
				4A4F49FE2D382A7F00A4199A /* Release */,
			);
			defaultConfigurationIsVisible = 0;
			defaultConfigurationName = Release;
		};
		83CBB9FA1A601CBA00E9B192 /* Build configuration list for PBXProject "Hugin" */ = {
			isa = XCConfigurationList;
			buildConfigurations = (
				83CBBA201A601CBA00E9B192 /* Debug */,
				83CBBA211A601CBA00E9B192 /* Release */,
			);
			defaultConfigurationIsVisible = 0;
			defaultConfigurationName = Release;
		};
/* End XCConfigurationList section */
	};
	rootObject = 83CBB9F71A601CBA00E9B192 /* Project object */;
}
